// !$*UTF8*$!
{
	archiveVersion = 1;
	classes = {
	};
	objectVersion = 46;
	objects = {

/* Begin PBXBuildFile section */
		9EBADC8219E04B48005EA4D9 /* AppDelegate.swift in Sources */ = {isa = PBXBuildFile; fileRef = 9EBADC8119E04B48005EA4D9 /* AppDelegate.swift */; };
		9EBADC8419E04B48005EA4D9 /* ViewController.swift in Sources */ = {isa = PBXBuildFile; fileRef = 9EBADC8319E04B48005EA4D9 /* ViewController.swift */; };
		9EBADC8719E04B48005EA4D9 /* Main.storyboard in Resources */ = {isa = PBXBuildFile; fileRef = 9EBADC8519E04B48005EA4D9 /* Main.storyboard */; };
		9EBADC8919E04B48005EA4D9 /* Images.xcassets in Resources */ = {isa = PBXBuildFile; fileRef = 9EBADC8819E04B48005EA4D9 /* Images.xcassets */; };
		9EBADC8C19E04B48005EA4D9 /* LaunchScreen.xib in Resources */ = {isa = PBXBuildFile; fileRef = 9EBADC8A19E04B48005EA4D9 /* LaunchScreen.xib */; };
		9EBADC9819E04B48005EA4D9 /* ZXOptionBarDemoTests.swift in Sources */ = {isa = PBXBuildFile; fileRef = 9EBADC9719E04B48005EA4D9 /* ZXOptionBarDemoTests.swift */; };
		9EBADCA419E04B6A005EA4D9 /* ZXOptionBar.swift in Sources */ = {isa = PBXBuildFile; fileRef = 9EBADCA219E04B6A005EA4D9 /* ZXOptionBar.swift */; };
		9EBADCA519E04B6A005EA4D9 /* ZXOptionBarCell.swift in Sources */ = {isa = PBXBuildFile; fileRef = 9EBADCA319E04B6A005EA4D9 /* ZXOptionBarCell.swift */; };
		9EBADCA719E04B8F005EA4D9 /* CustomOptionBarCell.swift in Sources */ = {isa = PBXBuildFile; fileRef = 9EBADCA619E04B8F005EA4D9 /* CustomOptionBarCell.swift */; };
/* End PBXBuildFile section */

/* Begin PBXContainerItemProxy section */
		9EBADC9219E04B48005EA4D9 /* PBXContainerItemProxy */ = {
			isa = PBXContainerItemProxy;
			containerPortal = 9EBADC7419E04B48005EA4D9 /* Project object */;
			proxyType = 1;
			remoteGlobalIDString = 9EBADC7B19E04B48005EA4D9;
			remoteInfo = ZXOptionBarDemo;
		};
/* End PBXContainerItemProxy section */

/* Begin PBXFileReference section */
		9EBADC7C19E04B48005EA4D9 /* ZXOptionBarDemo.app */ = {isa = PBXFileReference; explicitFileType = wrapper.application; includeInIndex = 0; path = ZXOptionBarDemo.app; sourceTree = BUILT_PRODUCTS_DIR; };
		9EBADC8019E04B48005EA4D9 /* Info.plist */ = {isa = PBXFileReference; lastKnownFileType = text.plist.xml; path = Info.plist; sourceTree = "<group>"; };
		9EBADC8119E04B48005EA4D9 /* AppDelegate.swift */ = {isa = PBXFileReference; lastKnownFileType = sourcecode.swift; path = AppDelegate.swift; sourceTree = "<group>"; };
		9EBADC8319E04B48005EA4D9 /* ViewController.swift */ = {isa = PBXFileReference; lastKnownFileType = sourcecode.swift; path = ViewController.swift; sourceTree = "<group>"; };
		9EBADC8619E04B48005EA4D9 /* Base */ = {isa = PBXFileReference; lastKnownFileType = file.storyboard; name = Base; path = Base.lproj/Main.storyboard; sourceTree = "<group>"; };
		9EBADC8819E04B48005EA4D9 /* Images.xcassets */ = {isa = PBXFileReference; lastKnownFileType = folder.assetcatalog; path = Images.xcassets; sourceTree = "<group>"; };
		9EBADC8B19E04B48005EA4D9 /* Base */ = {isa = PBXFileReference; lastKnownFileType = file.xib; name = Base; path = Base.lproj/LaunchScreen.xib; sourceTree = "<group>"; };
		9EBADC9119E04B48005EA4D9 /* ZXOptionBarDemoTests.xctest */ = {isa = PBXFileReference; explicitFileType = wrapper.cfbundle; includeInIndex = 0; path = ZXOptionBarDemoTests.xctest; sourceTree = BUILT_PRODUCTS_DIR; };
		9EBADC9619E04B48005EA4D9 /* Info.plist */ = {isa = PBXFileReference; lastKnownFileType = text.plist.xml; path = Info.plist; sourceTree = "<group>"; };
		9EBADC9719E04B48005EA4D9 /* ZXOptionBarDemoTests.swift */ = {isa = PBXFileReference; lastKnownFileType = sourcecode.swift; path = ZXOptionBarDemoTests.swift; sourceTree = "<group>"; };
		9EBADCA219E04B6A005EA4D9 /* ZXOptionBar.swift */ = {isa = PBXFileReference; fileEncoding = 4; lastKnownFileType = sourcecode.swift; path = ZXOptionBar.swift; sourceTree = "<group>"; };
		9EBADCA319E04B6A005EA4D9 /* ZXOptionBarCell.swift */ = {isa = PBXFileReference; fileEncoding = 4; lastKnownFileType = sourcecode.swift; path = ZXOptionBarCell.swift; sourceTree = "<group>"; };
		9EBADCA619E04B8F005EA4D9 /* CustomOptionBarCell.swift */ = {isa = PBXFileReference; fileEncoding = 4; lastKnownFileType = sourcecode.swift; path = CustomOptionBarCell.swift; sourceTree = "<group>"; };
/* End PBXFileReference section */

/* Begin PBXFrameworksBuildPhase section */
		9EBADC7919E04B48005EA4D9 /* Frameworks */ = {
			isa = PBXFrameworksBuildPhase;
			buildActionMask = 2147483647;
			files = (
			);
			runOnlyForDeploymentPostprocessing = 0;
		};
		9EBADC8E19E04B48005EA4D9 /* Frameworks */ = {
			isa = PBXFrameworksBuildPhase;
			buildActionMask = 2147483647;
			files = (
			);
			runOnlyForDeploymentPostprocessing = 0;
		};
/* End PBXFrameworksBuildPhase section */

/* Begin PBXGroup section */
		9EBADC7319E04B48005EA4D9 = {
			isa = PBXGroup;
			children = (
				9EBADC7E19E04B48005EA4D9 /* ZXOptionBarDemo */,
				9EBADC9419E04B48005EA4D9 /* ZXOptionBarDemoTests */,
				9EBADC7D19E04B48005EA4D9 /* Products */,
			);
			sourceTree = "<group>";
		};
		9EBADC7D19E04B48005EA4D9 /* Products */ = {
			isa = PBXGroup;
			children = (
				9EBADC7C19E04B48005EA4D9 /* ZXOptionBarDemo.app */,
				9EBADC9119E04B48005EA4D9 /* ZXOptionBarDemoTests.xctest */,
			);
			name = Products;
			sourceTree = "<group>";
		};
		9EBADC7E19E04B48005EA4D9 /* ZXOptionBarDemo */ = {
			isa = PBXGroup;
			children = (
				9EBADCA119E04B6A005EA4D9 /* ZXOptionBar-Swift */,
				9EBADC8119E04B48005EA4D9 /* AppDelegate.swift */,
				9EBADC8319E04B48005EA4D9 /* ViewController.swift */,
				9EBADCA619E04B8F005EA4D9 /* CustomOptionBarCell.swift */,
				9EBADC8519E04B48005EA4D9 /* Main.storyboard */,
				9EBADC8819E04B48005EA4D9 /* Images.xcassets */,
				9EBADC8A19E04B48005EA4D9 /* LaunchScreen.xib */,
				9EBADC7F19E04B48005EA4D9 /* Supporting Files */,
			);
			path = ZXOptionBarDemo;
			sourceTree = "<group>";
		};
		9EBADC7F19E04B48005EA4D9 /* Supporting Files */ = {
			isa = PBXGroup;
			children = (
				9EBADC8019E04B48005EA4D9 /* Info.plist */,
			);
			name = "Supporting Files";
			sourceTree = "<group>";
		};
		9EBADC9419E04B48005EA4D9 /* ZXOptionBarDemoTests */ = {
			isa = PBXGroup;
			children = (
				9EBADC9719E04B48005EA4D9 /* ZXOptionBarDemoTests.swift */,
				9EBADC9519E04B48005EA4D9 /* Supporting Files */,
			);
			path = ZXOptionBarDemoTests;
			sourceTree = "<group>";
		};
		9EBADC9519E04B48005EA4D9 /* Supporting Files */ = {
			isa = PBXGroup;
			children = (
				9EBADC9619E04B48005EA4D9 /* Info.plist */,
			);
			name = "Supporting Files";
			sourceTree = "<group>";
		};
		9EBADCA119E04B6A005EA4D9 /* ZXOptionBar-Swift */ = {
			isa = PBXGroup;
			children = (
				9EBADCA219E04B6A005EA4D9 /* ZXOptionBar.swift */,
				9EBADCA319E04B6A005EA4D9 /* ZXOptionBarCell.swift */,
			);
			name = "ZXOptionBar-Swift";
			path = "../../ZXOptionBar-Swift";
			sourceTree = "<group>";
		};
/* End PBXGroup section */

/* Begin PBXNativeTarget section */
		9EBADC7B19E04B48005EA4D9 /* ZXOptionBarDemo */ = {
			isa = PBXNativeTarget;
			buildConfigurationList = 9EBADC9B19E04B48005EA4D9 /* Build configuration list for PBXNativeTarget "ZXOptionBarDemo" */;
			buildPhases = (
				9EBADC7819E04B48005EA4D9 /* Sources */,
				9EBADC7919E04B48005EA4D9 /* Frameworks */,
				9EBADC7A19E04B48005EA4D9 /* Resources */,
			);
			buildRules = (
			);
			dependencies = (
			);
			name = ZXOptionBarDemo;
			productName = ZXOptionBarDemo;
			productReference = 9EBADC7C19E04B48005EA4D9 /* ZXOptionBarDemo.app */;
			productType = "com.apple.product-type.application";
		};
		9EBADC9019E04B48005EA4D9 /* ZXOptionBarDemoTests */ = {
			isa = PBXNativeTarget;
			buildConfigurationList = 9EBADC9E19E04B48005EA4D9 /* Build configuration list for PBXNativeTarget "ZXOptionBarDemoTests" */;
			buildPhases = (
				9EBADC8D19E04B48005EA4D9 /* Sources */,
				9EBADC8E19E04B48005EA4D9 /* Frameworks */,
				9EBADC8F19E04B48005EA4D9 /* Resources */,
			);
			buildRules = (
			);
			dependencies = (
				9EBADC9319E04B48005EA4D9 /* PBXTargetDependency */,
			);
			name = ZXOptionBarDemoTests;
			productName = ZXOptionBarDemoTests;
			productReference = 9EBADC9119E04B48005EA4D9 /* ZXOptionBarDemoTests.xctest */;
			productType = "com.apple.product-type.bundle.unit-test";
		};
/* End PBXNativeTarget section */

/* Begin PBXProject section */
		9EBADC7419E04B48005EA4D9 /* Project object */ = {
			isa = PBXProject;
			attributes = {
				LastUpgradeCheck = 0610;
				ORGANIZATIONNAME = zixun;
				TargetAttributes = {
					9EBADC7B19E04B48005EA4D9 = {
						CreatedOnToolsVersion = 6.1;
					};
					9EBADC9019E04B48005EA4D9 = {
						CreatedOnToolsVersion = 6.1;
						TestTargetID = 9EBADC7B19E04B48005EA4D9;
					};
				};
			};
			buildConfigurationList = 9EBADC7719E04B48005EA4D9 /* Build configuration list for PBXProject "ZXOptionBarDemo" */;
			compatibilityVersion = "Xcode 3.2";
			developmentRegion = English;
			hasScannedForEncodings = 0;
			knownRegions = (
				en,
				Base,
			);
			mainGroup = 9EBADC7319E04B48005EA4D9;
			productRefGroup = 9EBADC7D19E04B48005EA4D9 /* Products */;
			projectDirPath = "";
			projectRoot = "";
			targets = (
				9EBADC7B19E04B48005EA4D9 /* ZXOptionBarDemo */,
				9EBADC9019E04B48005EA4D9 /* ZXOptionBarDemoTests */,
			);
		};
/* End PBXProject section */

/* Begin PBXResourcesBuildPhase section */
		9EBADC7A19E04B48005EA4D9 /* Resources */ = {
			isa = PBXResourcesBuildPhase;
			buildActionMask = 2147483647;
			files = (
				9EBADC8719E04B48005EA4D9 /* Main.storyboard in Resources */,
				9EBADC8C19E04B48005EA4D9 /* LaunchScreen.xib in Resources */,
				9EBADC8919E04B48005EA4D9 /* Images.xcassets in Resources */,
			);
			runOnlyForDeploymentPostprocessing = 0;
		};
		9EBADC8F19E04B48005EA4D9 /* Resources */ = {
			isa = PBXResourcesBuildPhase;
			buildActionMask = 2147483647;
			files = (
			);
			runOnlyForDeploymentPostprocessing = 0;
		};
/* End PBXResourcesBuildPhase section */

/* Begin PBXSourcesBuildPhase section */
		9EBADC7819E04B48005EA4D9 /* Sources */ = {
			isa = PBXSourcesBuildPhase;
			buildActionMask = 2147483647;
			files = (
				9EBADCA519E04B6A005EA4D9 /* ZXOptionBarCell.swift in Sources */,
				9EBADCA719E04B8F005EA4D9 /* CustomOptionBarCell.swift in Sources */,
				9EBADC8419E04B48005EA4D9 /* ViewController.swift in Sources */,
				9EBADCA419E04B6A005EA4D9 /* ZXOptionBar.swift in Sources */,
				9EBADC8219E04B48005EA4D9 /* AppDelegate.swift in Sources */,
			);
			runOnlyForDeploymentPostprocessing = 0;
		};
		9EBADC8D19E04B48005EA4D9 /* Sources */ = {
			isa = PBXSourcesBuildPhase;
			buildActionMask = 2147483647;
			files = (
				9EBADC9819E04B48005EA4D9 /* ZXOptionBarDemoTests.swift in Sources */,
			);
			runOnlyForDeploymentPostprocessing = 0;
		};
/* End PBXSourcesBuildPhase section */

/* Begin PBXTargetDependency section */
		9EBADC9319E04B48005EA4D9 /* PBXTargetDependency */ = {
			isa = PBXTargetDependency;
			target = 9EBADC7B19E04B48005EA4D9 /* ZXOptionBarDemo */;
			targetProxy = 9EBADC9219E04B48005EA4D9 /* PBXContainerItemProxy */;
		};
/* End PBXTargetDependency section */

/* Begin PBXVariantGroup section */
		9EBADC8519E04B48005EA4D9 /* Main.storyboard */ = {
			isa = PBXVariantGroup;
			children = (
				9EBADC8619E04B48005EA4D9 /* Base */,
			);
			name = Main.storyboard;
			sourceTree = "<group>";
		};
		9EBADC8A19E04B48005EA4D9 /* LaunchScreen.xib */ = {
			isa = PBXVariantGroup;
			children = (
				9EBADC8B19E04B48005EA4D9 /* Base */,
			);
			name = LaunchScreen.xib;
			sourceTree = "<group>";
		};
/* End PBXVariantGroup section */

/* Begin XCBuildConfiguration section */
		9EBADC9919E04B48005EA4D9 /* Debug */ = {
			isa = XCBuildConfiguration;
			buildSettings = {
				ALWAYS_SEARCH_USER_PATHS = NO;
				CLANG_CXX_LANGUAGE_STANDARD = "gnu++0x";
				CLANG_CXX_LIBRARY = "libc++";
				CLANG_ENABLE_MODULES = YES;
				CLANG_ENABLE_OBJC_ARC = YES;
				CLANG_WARN_BOOL_CONVERSION = YES;
				CLANG_WARN_CONSTANT_CONVERSION = YES;
				CLANG_WARN_DIRECT_OBJC_ISA_USAGE = YES_ERROR;
				CLANG_WARN_EMPTY_BODY = YES;
				CLANG_WARN_ENUM_CONVERSION = YES;
				CLANG_WARN_INT_CONVERSION = YES;
				CLANG_WARN_OBJC_ROOT_CLASS = YES_ERROR;
				CLANG_WARN_UNREACHABLE_CODE = YES;
				CLANG_WARN__DUPLICATE_METHOD_MATCH = YES;
				"CODE_SIGN_IDENTITY[sdk=iphoneos*]" = "iPhone Developer";
				COPY_PHASE_STRIP = NO;
				ENABLE_STRICT_OBJC_MSGSEND = YES;
				GCC_C_LANGUAGE_STANDARD = gnu99;
				GCC_DYNAMIC_NO_PIC = NO;
				GCC_OPTIMIZATION_LEVEL = 0;
				GCC_PREPROCESSOR_DEFINITIONS = (
					"DEBUG=1",
					"$(inherited)",
				);
				GCC_SYMBOLS_PRIVATE_EXTERN = NO;
				GCC_WARN_64_TO_32_BIT_CONVERSION = YES;
				GCC_WARN_ABOUT_RETURN_TYPE = YES_ERROR;
				GCC_WARN_UNDECLARED_SELECTOR = YES;
				GCC_WARN_UNINITIALIZED_AUTOS = YES_AGGRESSIVE;
				GCC_WARN_UNUSED_FUNCTION = YES;
				GCC_WARN_UNUSED_VARIABLE = YES;
				IPHONEOS_DEPLOYMENT_TARGET = 8.0;
				MTL_ENABLE_DEBUG_INFO = YES;
				ONLY_ACTIVE_ARCH = YES;
				SDKROOT = iphoneos;
				SWIFT_OPTIMIZATION_LEVEL = "-Onone";
			};
			name = Debug;
		};
		9EBADC9A19E04B48005EA4D9 /* Release */ = {
			isa = XCBuildConfiguration;
			buildSettings = {
				ALWAYS_SEARCH_USER_PATHS = NO;
				CLANG_CXX_LANGUAGE_STANDARD = "gnu++0x";
				CLANG_CXX_LIBRARY = "libc++";
				CLANG_ENABLE_MODULES = YES;
				CLANG_ENABLE_OBJC_ARC = YES;
				CLANG_WARN_BOOL_CONVERSION = YES;
				CLANG_WARN_CONSTANT_CONVERSION = YES;
				CLANG_WARN_DIRECT_OBJC_ISA_USAGE = YES_ERROR;
				CLANG_WARN_EMPTY_BODY = YES;
				CLANG_WARN_ENUM_CONVERSION = YES;
				CLANG_WARN_INT_CONVERSION = YES;
				CLANG_WARN_OBJC_ROOT_CLASS = YES_ERROR;
				CLANG_WARN_UNREACHABLE_CODE = YES;
				CLANG_WARN__DUPLICATE_METHOD_MATCH = YES;
				"CODE_SIGN_IDENTITY[sdk=iphoneos*]" = "iPhone Developer";
				COPY_PHASE_STRIP = YES;
				ENABLE_NS_ASSERTIONS = NO;
				ENABLE_STRICT_OBJC_MSGSEND = YES;
				GCC_C_LANGUAGE_STANDARD = gnu99;
				GCC_WARN_64_TO_32_BIT_CONVERSION = YES;
				GCC_WARN_ABOUT_RETURN_TYPE = YES_ERROR;
				GCC_WARN_UNDECLARED_SELECTOR = YES;
				GCC_WARN_UNINITIALIZED_AUTOS = YES_AGGRESSIVE;
				GCC_WARN_UNUSED_FUNCTION = YES;
				GCC_WARN_UNUSED_VARIABLE = YES;
				IPHONEOS_DEPLOYMENT_TARGET = 8.0;
				MTL_ENABLE_DEBUG_INFO = NO;
				SDKROOT = iphoneos;
				VALIDATE_PRODUCT = YES;
			};
			name = Release;
		};
		9EBADC9C19E04B48005EA4D9 /* Debug */ = {
			isa = XCBuildConfiguration;
			buildSettings = {
				ASSETCATALOG_COMPILER_APPICON_NAME = AppIcon;
				INFOPLIST_FILE = ZXOptionBarDemo/Info.plist;
				LD_RUNPATH_SEARCH_PATHS = "$(inherited) @executable_path/Frameworks";
				PRODUCT_NAME = "$(TARGET_NAME)";
			};
			name = Debug;
		};
		9EBADC9D19E04B48005EA4D9 /* Release */ = {
			isa = XCBuildConfiguration;
			buildSettings = {
				ASSETCATALOG_COMPILER_APPICON_NAME = AppIcon;
				INFOPLIST_FILE = ZXOptionBarDemo/Info.plist;
				LD_RUNPATH_SEARCH_PATHS = "$(inherited) @executable_path/Frameworks";
				PRODUCT_NAME = "$(TARGET_NAME)";
			};
			name = Release;
		};
		9EBADC9F19E04B48005EA4D9 /* Debug */ = {
			isa = XCBuildConfiguration;
			buildSettings = {
				BUNDLE_LOADER = "$(TEST_HOST)";
				FRAMEWORK_SEARCH_PATHS = (
					"$(SDKROOT)/Developer/Library/Frameworks",
					"$(inherited)",
				);
				GCC_PREPROCESSOR_DEFINITIONS = (
					"DEBUG=1",
					"$(inherited)",
				);
				INFOPLIST_FILE = ZXOptionBarDemoTests/Info.plist;
				LD_RUNPATH_SEARCH_PATHS = "$(inherited) @executable_path/Frameworks @loader_path/Frameworks";
				PRODUCT_NAME = "$(TARGET_NAME)";
				TEST_HOST = "$(BUILT_PRODUCTS_DIR)/ZXOptionBarDemo.app/ZXOptionBarDemo";
			};
			name = Debug;
		};
		9EBADCA019E04B48005EA4D9 /* Release */ = {
			isa = XCBuildConfiguration;
			buildSettings = {
				BUNDLE_LOADER = "$(TEST_HOST)";
				FRAMEWORK_SEARCH_PATHS = (
					"$(SDKROOT)/Developer/Library/Frameworks",
					"$(inherited)",
				);
				INFOPLIST_FILE = ZXOptionBarDemoTests/Info.plist;
				LD_RUNPATH_SEARCH_PATHS = "$(inherited) @executable_path/Frameworks @loader_path/Frameworks";
				PRODUCT_NAME = "$(TARGET_NAME)";
				TEST_HOST = "$(BUILT_PRODUCTS_DIR)/ZXOptionBarDemo.app/ZXOptionBarDemo";
			};
			name = Release;
		};
/* End XCBuildConfiguration section */

/* Begin XCConfigurationList section */
		9EBADC7719E04B48005EA4D9 /* Build configuration list for PBXProject "ZXOptionBarDemo" */ = {
			isa = XCConfigurationList;
			buildConfigurations = (
				9EBADC9919E04B48005EA4D9 /* Debug */,
				9EBADC9A19E04B48005EA4D9 /* Release */,
			);
			defaultConfigurationIsVisible = 0;
			defaultConfigurationName = Release;
		};
		9EBADC9B19E04B48005EA4D9 /* Build configuration list for PBXNativeTarget "ZXOptionBarDemo" */ = {
			isa = XCConfigurationList;
			buildConfigurations = (
				9EBADC9C19E04B48005EA4D9 /* Debug */,
				9EBADC9D19E04B48005EA4D9 /* Release */,
			);
			defaultConfigurationIsVisible = 0;
		};
		9EBADC9E19E04B48005EA4D9 /* Build configuration list for PBXNativeTarget "ZXOptionBarDemoTests" */ = {
			isa = XCConfigurationList;
			buildConfigurations = (
				9EBADC9F19E04B48005EA4D9 /* Debug */,
				9EBADCA019E04B48005EA4D9 /* Release */,
			);
			defaultConfigurationIsVisible = 0;
		};
/* End XCConfigurationList section */
	};
	rootObject = 9EBADC7419E04B48005EA4D9 /* Project object */;
}
